// !$*UTF8*$!
{
	archiveVersion = 1;
	classes = {
	};
	objectVersion = 50;
	objects = {

/* Begin PBXBuildFile section */
		AA5DDFCF24D173B500C85D14 /* AppDelegate.swift in Sources */ = {isa = PBXBuildFile; fileRef = AA5DDFCE24D173B500C85D14 /* AppDelegate.swift */; };
		AA5DDFD124D173B500C85D14 /* SceneDelegate.swift in Sources */ = {isa = PBXBuildFile; fileRef = AA5DDFD024D173B500C85D14 /* SceneDelegate.swift */; };
		AA5DDFD324D173B500C85D14 /* ContentView.swift in Sources */ = {isa = PBXBuildFile; fileRef = AA5DDFD224D173B500C85D14 /* ContentView.swift */; };
		AA5DDFD524D173B500C85D14 /* Assets.xcassets in Resources */ = {isa = PBXBuildFile; fileRef = AA5DDFD424D173B500C85D14 /* Assets.xcassets */; };
		AA5DDFD824D173B500C85D14 /* Preview Assets.xcassets in Resources */ = {isa = PBXBuildFile; fileRef = AA5DDFD724D173B500C85D14 /* Preview Assets.xcassets */; };
		AA5DDFDB24D173B500C85D14 /* LaunchScreen.storyboard in Resources */ = {isa = PBXBuildFile; fileRef = AA5DDFD924D173B500C85D14 /* LaunchScreen.storyboard */; };
/* End PBXBuildFile section */

/* Begin PBXFileReference section */
		AA5DDFCB24D173B500C85D14 /* ActionSheetExample.app */ = {isa = PBXFileReference; explicitFileType = wrapper.application; includeInIndex = 0; path = ActionSheetExample.app; sourceTree = BUILT_PRODUCTS_DIR; };
		AA5DDFCE24D173B500C85D14 /* AppDelegate.swift */ = {isa = PBXFileReference; lastKnownFileType = sourcecode.swift; path = AppDelegate.swift; sourceTree = "<group>"; };
		AA5DDFD024D173B500C85D14 /* SceneDelegate.swift */ = {isa = PBXFileReference; lastKnownFileType = sourcecode.swift; path = SceneDelegate.swift; sourceTree = "<group>"; };
		AA5DDFD224D173B500C85D14 /* ContentView.swift */ = {isa = PBXFileReference; lastKnownFileType = sourcecode.swift; path = ContentView.swift; sourceTree = "<group>"; };
		AA5DDFD424D173B500C85D14 /* Assets.xcassets */ = {isa = PBXFileReference; lastKnownFileType = folder.assetcatalog; path = Assets.xcassets; sourceTree = "<group>"; };
		AA5DDFD724D173B500C85D14 /* Preview Assets.xcassets */ = {isa = PBXFileReference; lastKnownFileType = folder.assetcatalog; path = "Preview Assets.xcassets"; sourceTree = "<group>"; };
		AA5DDFDA24D173B500C85D14 /* Base */ = {isa = PBXFileReference; lastKnownFileType = file.storyboard; name = Base; path = Base.lproj/LaunchScreen.storyboard; sourceTree = "<group>"; };
		AA5DDFDC24D173B500C85D14 /* Info.plist */ = {isa = PBXFileReference; lastKnownFileType = text.plist.xml; path = Info.plist; sourceTree = "<group>"; };
/* End PBXFileReference section */

/* Begin PBXFrameworksBuildPhase section */
		AA5DDFC824D173B500C85D14 /* Frameworks */ = {
			isa = PBXFrameworksBuildPhase;
			buildActionMask = 2147483647;
			files = (
			);
			runOnlyForDeploymentPostprocessing = 0;
		};
/* End PBXFrameworksBuildPhase section */

/* Begin PBXGroup section */
		AA5DDFC224D173B500C85D14 = {
			isa = PBXGroup;
			children = (
				AA5DDFCD24D173B500C85D14 /* ActionSheetExample */,
				AA5DDFCC24D173B500C85D14 /* Products */,
			);
			sourceTree = "<group>";
		};
		AA5DDFCC24D173B500C85D14 /* Products */ = {
			isa = PBXGroup;
			children = (
				AA5DDFCB24D173B500C85D14 /* ActionSheetExample.app */,
			);
			name = Products;
			sourceTree = "<group>";
		};
		AA5DDFCD24D173B500C85D14 /* ActionSheetExample */ = {
			isa = PBXGroup;
			children = (
				AA5DDFCE24D173B500C85D14 /* AppDelegate.swift */,
				AA5DDFD024D173B500C85D14 /* SceneDelegate.swift */,
				AA5DDFD224D173B500C85D14 /* ContentView.swift */,
				AA5DDFD424D173B500C85D14 /* Assets.xcassets */,
				AA5DDFD924D173B500C85D14 /* LaunchScreen.storyboard */,
				AA5DDFDC24D173B500C85D14 /* Info.plist */,
				AA5DDFD624D173B500C85D14 /* Preview Content */,
			);
			path = ActionSheetExample;
			sourceTree = "<group>";
		};
		AA5DDFD624D173B500C85D14 /* Preview Content */ = {
			isa = PBXGroup;
			children = (
				AA5DDFD724D173B500C85D14 /* Preview Assets.xcassets */,
			);
			path = "Preview Content";
			sourceTree = "<group>";
		};
/* End PBXGroup section */

/* Begin PBXNativeTarget section */
		AA5DDFCA24D173B500C85D14 /* ActionSheetExample */ = {
			isa = PBXNativeTarget;
			buildConfigurationList = AA5DDFDF24D173B500C85D14 /* Build configuration list for PBXNativeTarget "ActionSheetExample" */;
			buildPhases = (
				AA5DDFC724D173B500C85D14 /* Sources */,
				AA5DDFC824D173B500C85D14 /* Frameworks */,
				AA5DDFC924D173B500C85D14 /* Resources */,
			);
			buildRules = (
			);
			dependencies = (
			);
			name = ActionSheetExample;
			productName = ActionSheetExample;
			productReference = AA5DDFCB24D173B500C85D14 /* ActionSheetExample.app */;
			productType = "com.apple.product-type.application";
		};
/* End PBXNativeTarget section */

/* Begin PBXProject section */
		AA5DDFC324D173B500C85D14 /* Project object */ = {
			isa = PBXProject;
			attributes = {
				LastSwiftUpdateCheck = 1160;
				LastUpgradeCheck = 1160;
				ORGANIZATIONNAME = "Mehmet Karaaslan";
				TargetAttributes = {
					AA5DDFCA24D173B500C85D14 = {
						CreatedOnToolsVersion = 11.6;
					};
				};
			};
			buildConfigurationList = AA5DDFC624D173B500C85D14 /* Build configuration list for PBXProject "ActionSheetExample" */;
			compatibilityVersion = "Xcode 9.3";
			developmentRegion = en;
			hasScannedForEncodings = 0;
			knownRegions = (
				en,
				Base,
			);
			mainGroup = AA5DDFC224D173B500C85D14;
			productRefGroup = AA5DDFCC24D173B500C85D14 /* Products */;
			projectDirPath = "";
			projectRoot = "";
			targets = (
				AA5DDFCA24D173B500C85D14 /* ActionSheetExample */,
			);
		};
/* End PBXProject section */

/* Begin PBXResourcesBuildPhase section */
		AA5DDFC924D173B500C85D14 /* Resources */ = {
			isa = PBXResourcesBuildPhase;
			buildActionMask = 2147483647;
			files = (
				AA5DDFDB24D173B500C85D14 /* LaunchScreen.storyboard in Resources */,
				AA5DDFD824D173B500C85D14 /* Preview Assets.xcassets in Resources */,
				AA5DDFD524D173B500C85D14 /* Assets.xcassets in Resources */,
			);
			runOnlyForDeploymentPostprocessing = 0;
		};
/* End PBXResourcesBuildPhase section */

/* Begin PBXSourcesBuildPhase section */
		AA5DDFC724D173B500C85D14 /* Sources */ = {
			isa = PBXSourcesBuildPhase;
			buildActionMask = 2147483647;
			files = (
				AA5DDFCF24D173B500C85D14 /* AppDelegate.swift in Sources */,
				AA5DDFD124D173B500C85D14 /* SceneDelegate.swift in Sources */,
				AA5DDFD324D173B500C85D14 /* ContentView.swift in Sources */,
			);
			runOnlyForDeploymentPostprocessing = 0;
		};
/* End PBXSourcesBuildPhase section */

/* Begin PBXVariantGroup section */
		AA5DDFD924D173B500C85D14 /* LaunchScreen.storyboard */ = {
			isa = PBXVariantGroup;
			children = (
				AA5DDFDA24D173B500C85D14 /* Base */,
			);
			name = LaunchScreen.storyboard;
			sourceTree = "<group>";
		};
/* End PBXVariantGroup section */

/* Begin XCBuildConfiguration section */
		AA5DDFDD24D173B500C85D14 /* Debug */ = {
			isa = XCBuildConfiguration;
			buildSettings = {
				ALWAYS_SEARCH_USER_PATHS = NO;
				CLANG_ANALYZER_NONNULL = YES;
				CLANG_ANALYZER_NUMBER_OBJECT_CONVERSION = YES_AGGRESSIVE;
				CLANG_CXX_LANGUAGE_STANDARD = "gnu++14";
				CLANG_CXX_LIBRARY = "libc++";
				CLANG_ENABLE_MODULES = YES;
				CLANG_ENABLE_OBJC_ARC = YES;
				CLANG_ENABLE_OBJC_WEAK = YES;
				CLANG_WARN_BLOCK_CAPTURE_AUTORELEASING = YES;
				CLANG_WARN_BOOL_CONVERSION = YES;
				CLANG_WARN_COMMA = YES;
				CLANG_WARN_CONSTANT_CONVERSION = YES;
				CLANG_WARN_DEPRECATED_OBJC_IMPLEMENTATIONS = YES;
				CLANG_WARN_DIRECT_OBJC_ISA_USAGE = YES_ERROR;
				CLANG_WARN_DOCUMENTATION_COMMENTS = YES;
				CLANG_WARN_EMPTY_BODY = YES;
				CLANG_WARN_ENUM_CONVERSION = YES;
				CLANG_WARN_INFINITE_RECURSION = YES;
				CLANG_WARN_INT_CONVERSION = YES;
				CLANG_WARN_NON_LITERAL_NULL_CONVERSION = YES;
				CLANG_WARN_OBJC_IMPLICIT_RETAIN_SELF = YES;
				CLANG_WARN_OBJC_LITERAL_CONVERSION = YES;
				CLANG_WARN_OBJC_ROOT_CLASS = YES_ERROR;
				CLANG_WARN_RANGE_LOOP_ANALYSIS = YES;
				CLANG_WARN_STRICT_PROTOTYPES = YES;
				CLANG_WARN_SUSPICIOUS_MOVE = YES;
				CLANG_WARN_UNGUARDED_AVAILABILITY = YES_AGGRESSIVE;
				CLANG_WARN_UNREACHABLE_CODE = YES;
				CLANG_WARN__DUPLICATE_METHOD_MATCH = YES;
				COPY_PHASE_STRIP = NO;
				DEBUG_INFORMATION_FORMAT = dwarf;
				ENABLE_STRICT_OBJC_MSGSEND = YES;
				ENABLE_TESTABILITY = YES;
				GCC_C_LANGUAGE_STANDARD = gnu11;
				GCC_DYNAMIC_NO_PIC = NO;
				GCC_NO_COMMON_BLOCKS = YES;
				GCC_OPTIMIZATION_LEVEL = 0;
				GCC_PREPROCESSOR_DEFINITIONS = (
					"DEBUG=1",
					"$(inherited)",
				);
				GCC_WARN_64_TO_32_BIT_CONVERSION = YES;
				GCC_WARN_ABOUT_RETURN_TYPE = YES_ERROR;
				GCC_WARN_UNDECLARED_SELECTOR = YES;
				GCC_WARN_UNINITIALIZED_AUTOS = YES_AGGRESSIVE;
				GCC_WARN_UNUSED_FUNCTION = YES;
				GCC_WARN_UNUSED_VARIABLE = YES;
				IPHONEOS_DEPLOYMENT_TARGET = 13.6;
				MTL_ENABLE_DEBUG_INFO = INCLUDE_SOURCE;
				MTL_FAST_MATH = YES;
				ONLY_ACTIVE_ARCH = YES;
				SDKROOT = iphoneos;
				SWIFT_ACTIVE_COMPILATION_CONDITIONS = DEBUG;
				SWIFT_OPTIMIZATION_LEVEL = "-Onone";
			};
			name = Debug;
		};
		AA5DDFDE24D173B500C85D14 /* Release */ = {
			isa = XCBuildConfiguration;
			buildSettings = {
				ALWAYS_SEARCH_USER_PATHS = NO;
				CLANG_ANALYZER_NONNULL = YES;
				CLANG_ANALYZER_NUMBER_OBJECT_CONVERSION = YES_AGGRESSIVE;
				CLANG_CXX_LANGUAGE_STANDARD = "gnu++14";
				CLANG_CXX_LIBRARY = "libc++";
				CLANG_ENABLE_MODULES = YES;
				CLANG_ENABLE_OBJC_ARC = YES;
				CLANG_ENABLE_OBJC_WEAK = YES;
				CLANG_WARN_BLOCK_CAPTURE_AUTORELEASING = YES;
				CLANG_WARN_BOOL_CONVERSION = YES;
				CLANG_WARN_COMMA = YES;
				CLANG_WARN_CONSTANT_CONVERSION = YES;
				CLANG_WARN_DEPRECATED_OBJC_IMPLEMENTATIONS = YES;
				CLANG_WARN_DIRECT_OBJC_ISA_USAGE = YES_ERROR;
				CLANG_WARN_DOCUMENTATION_COMMENTS = YES;
				CLANG_WARN_EMPTY_BODY = YES;
				CLANG_WARN_ENUM_CONVERSION = YES;
				CLANG_WARN_INFINITE_RECURSION = YES;
				CLANG_WARN_INT_CONVERSION = YES;
				CLANG_WARN_NON_LITERAL_NULL_CONVERSION = YES;
				CLANG_WARN_OBJC_IMPLICIT_RETAIN_SELF = YES;
				CLANG_WARN_OBJC_LITERAL_CONVERSION = YES;
				CLANG_WARN_OBJC_ROOT_CLASS = YES_ERROR;
				CLANG_WARN_RANGE_LOOP_ANALYSIS = YES;
				CLANG_WARN_STRICT_PROTOTYPES = YES;
				CLANG_WARN_SUSPICIOUS_MOVE = YES;
				CLANG_WARN_UNGUARDED_AVAILABILITY = YES_AGGRESSIVE;
				CLANG_WARN_UNREACHABLE_CODE = YES;
				CLANG_WARN__DUPLICATE_METHOD_MATCH = YES;
				COPY_PHASE_STRIP = NO;
				DEBUG_INFORMATION_FORMAT = "dwarf-with-dsym";
				ENABLE_NS_ASSERTIONS = NO;
				ENABLE_STRICT_OBJC_MSGSEND = YES;
				GCC_C_LANGUAGE_STANDARD = gnu11;
				GCC_NO_COMMON_BLOCKS = YES;
				GCC_WARN_64_TO_32_BIT_CONVERSION = YES;
				GCC_WARN_ABOUT_RETURN_TYPE = YES_ERROR;
				GCC_WARN_UNDECLARED_SELECTOR = YES;
				GCC_WARN_UNINITIALIZED_AUTOS = YES_AGGRESSIVE;
				GCC_WARN_UNUSED_FUNCTION = YES;
				GCC_WARN_UNUSED_VARIABLE = YES;
				IPHONEOS_DEPLOYMENT_TARGET = 13.6;
				MTL_ENABLE_DEBUG_INFO = NO;
				MTL_FAST_MATH = YES;
				SDKROOT = iphoneos;
				SWIFT_COMPILATION_MODE = wholemodule;
				SWIFT_OPTIMIZATION_LEVEL = "-O";
				VALIDATE_PRODUCT = YES;
			};
			name = Release;
		};
		AA5DDFE024D173B500C85D14 /* Debug */ = {
			isa = XCBuildConfiguration;
			buildSettings = {
				ASSETCATALOG_COMPILER_APPICON_NAME = AppIcon;
				CODE_SIGN_STYLE = Automatic;
				DEVELOPMENT_ASSET_PATHS = "\"ActionSheetExample/Preview Content\"";
				DEVELOPMENT_TEAM = 537C8L4LTN;
				ENABLE_PREVIEWS = YES;
				INFOPLIST_FILE = ActionSheetExample/Info.plist;
				LD_RUNPATH_SEARCH_PATHS = (
					"$(inherited)",
					"@executable_path/Frameworks",
				);
				PRODUCT_BUNDLE_IDENTIFIER = MrKaraaslan.ActionSheetExample;
				PRODUCT_NAME = "$(TARGET_NAME)";
				SWIFT_VERSION = 5.0;
				TARGETED_DEVICE_FAMILY = "1,2";
			};
			name = Debug;
		};
		AA5DDFE124D173B500C85D14 /* Release */ = {
			isa = XCBuildConfiguration;
			buildSettings = {
				ASSETCATALOG_COMPILER_APPICON_NAME = AppIcon;
				CODE_SIGN_STYLE = Automatic;
				DEVELOPMENT_ASSET_PATHS = "\"ActionSheetExample/Preview Content\"";
				DEVELOPMENT_TEAM = 537C8L4LTN;
				ENABLE_PREVIEWS = YES;
				INFOPLIST_FILE = ActionSheetExample/Info.plist;
				LD_RUNPATH_SEARCH_PATHS = (
					"$(inherited)",
					"@executable_path/Frameworks",
				);
				PRODUCT_BUNDLE_IDENTIFIER = MrKaraaslan.ActionSheetExample;
				PRODUCT_NAME = "$(TARGET_NAME)";
				SWIFT_VERSION = 5.0;
				TARGETED_DEVICE_FAMILY = "1,2";
			};
			name = Release;
		};
/* End XCBuildConfiguration section */

/* Begin XCConfigurationList section */
		AA5DDFC624D173B500C85D14 /* Build configuration list for PBXProject "ActionSheetExample" */ = {
			isa = XCConfigurationList;
			buildConfigurations = (
				AA5DDFDD24D173B500C85D14 /* Debug */,
				AA5DDFDE24D173B500C85D14 /* Release */,
			);
			defaultConfigurationIsVisible = 0;
			defaultConfigurationName = Release;
		};
		AA5DDFDF24D173B500C85D14 /* Build configuration list for PBXNativeTarget "ActionSheetExample" */ = {
			isa = XCConfigurationList;
			buildConfigurations = (
				AA5DDFE024D173B500C85D14 /* Debug */,
				AA5DDFE124D173B500C85D14 /* Release */,
			);
			defaultConfigurationIsVisible = 0;
			defaultConfigurationName = Release;
		};
/* End XCConfigurationList section */
	};
	rootObject = AA5DDFC324D173B500C85D14 /* Project object */;
}
